// !$*UTF8*$!
{
	archiveVersion = 1;
	classes = {
	};
	objectVersion = 56;
	objects = {

/* Begin PBXBuildFile section */
		3E2F401B29CAF2B300606E17 /* StockNewsApp.swift in Sources */ = {isa = PBXBuildFile; fileRef = 3E2F401A29CAF2B300606E17 /* StockNewsApp.swift */; };
		3E2F401D29CAF2B300606E17 /* ContentView.swift in Sources */ = {isa = PBXBuildFile; fileRef = 3E2F401C29CAF2B300606E17 /* ContentView.swift */; };
		3E2F401F29CAF2B500606E17 /* Assets.xcassets in Resources */ = {isa = PBXBuildFile; fileRef = 3E2F401E29CAF2B500606E17 /* Assets.xcassets */; };
		3E2F402229CAF2B500606E17 /* Preview Assets.xcassets in Resources */ = {isa = PBXBuildFile; fileRef = 3E2F402129CAF2B500606E17 /* Preview Assets.xcassets */; };
		3E2F402C29CAF2B500606E17 /* StockNewsTests.swift in Sources */ = {isa = PBXBuildFile; fileRef = 3E2F402B29CAF2B500606E17 /* StockNewsTests.swift */; };
		3E2F403629CAF2B500606E17 /* StockNewsUITests.swift in Sources */ = {isa = PBXBuildFile; fileRef = 3E2F403529CAF2B500606E17 /* StockNewsUITests.swift */; };
		3E2F403829CAF2B500606E17 /* StockNewsUITestsLaunchTests.swift in Sources */ = {isa = PBXBuildFile; fileRef = 3E2F403729CAF2B500606E17 /* StockNewsUITestsLaunchTests.swift */; };
/* End PBXBuildFile section */

/* Begin PBXContainerItemProxy section */
		3E2F402829CAF2B500606E17 /* PBXContainerItemProxy */ = {
			isa = PBXContainerItemProxy;
			containerPortal = 3E2F400F29CAF2B300606E17 /* Project object */;
			proxyType = 1;
			remoteGlobalIDString = 3E2F401629CAF2B300606E17;
			remoteInfo = StockNews;
		};
		3E2F403229CAF2B500606E17 /* PBXContainerItemProxy */ = {
			isa = PBXContainerItemProxy;
			containerPortal = 3E2F400F29CAF2B300606E17 /* Project object */;
			proxyType = 1;
			remoteGlobalIDString = 3E2F401629CAF2B300606E17;
			remoteInfo = StockNews;
		};
/* End PBXContainerItemProxy section */

/* Begin PBXFileReference section */
		3E2F401729CAF2B300606E17 /* StockNews.app */ = {isa = PBXFileReference; explicitFileType = wrapper.application; includeInIndex = 0; path = StockNews.app; sourceTree = BUILT_PRODUCTS_DIR; };
		3E2F401A29CAF2B300606E17 /* StockNewsApp.swift */ = {isa = PBXFileReference; lastKnownFileType = sourcecode.swift; path = StockNewsApp.swift; sourceTree = "<group>"; };
		3E2F401C29CAF2B300606E17 /* ContentView.swift */ = {isa = PBXFileReference; lastKnownFileType = sourcecode.swift; path = ContentView.swift; sourceTree = "<group>"; };
		3E2F401E29CAF2B500606E17 /* Assets.xcassets */ = {isa = PBXFileReference; lastKnownFileType = folder.assetcatalog; path = Assets.xcassets; sourceTree = "<group>"; };
		3E2F402129CAF2B500606E17 /* Preview Assets.xcassets */ = {isa = PBXFileReference; lastKnownFileType = folder.assetcatalog; path = "Preview Assets.xcassets"; sourceTree = "<group>"; };
		3E2F402729CAF2B500606E17 /* StockNewsTests.xctest */ = {isa = PBXFileReference; explicitFileType = wrapper.cfbundle; includeInIndex = 0; path = StockNewsTests.xctest; sourceTree = BUILT_PRODUCTS_DIR; };
		3E2F402B29CAF2B500606E17 /* StockNewsTests.swift */ = {isa = PBXFileReference; lastKnownFileType = sourcecode.swift; path = StockNewsTests.swift; sourceTree = "<group>"; };
		3E2F403129CAF2B500606E17 /* StockNewsUITests.xctest */ = {isa = PBXFileReference; explicitFileType = wrapper.cfbundle; includeInIndex = 0; path = StockNewsUITests.xctest; sourceTree = BUILT_PRODUCTS_DIR; };
		3E2F403529CAF2B500606E17 /* StockNewsUITests.swift */ = {isa = PBXFileReference; lastKnownFileType = sourcecode.swift; path = StockNewsUITests.swift; sourceTree = "<group>"; };
		3E2F403729CAF2B500606E17 /* StockNewsUITestsLaunchTests.swift */ = {isa = PBXFileReference; lastKnownFileType = sourcecode.swift; path = StockNewsUITestsLaunchTests.swift; sourceTree = "<group>"; };
/* End PBXFileReference section */

/* Begin PBXFrameworksBuildPhase section */
		3E2F401429CAF2B300606E17 /* Frameworks */ = {
			isa = PBXFrameworksBuildPhase;
			buildActionMask = 2147483647;
			files = (
			);
			runOnlyForDeploymentPostprocessing = 0;
		};
		3E2F402429CAF2B500606E17 /* Frameworks */ = {
			isa = PBXFrameworksBuildPhase;
			buildActionMask = 2147483647;
			files = (
			);
			runOnlyForDeploymentPostprocessing = 0;
		};
		3E2F402E29CAF2B500606E17 /* Frameworks */ = {
			isa = PBXFrameworksBuildPhase;
			buildActionMask = 2147483647;
			files = (
			);
			runOnlyForDeploymentPostprocessing = 0;
		};
/* End PBXFrameworksBuildPhase section */

/* Begin PBXGroup section */
		3E2F400E29CAF2B300606E17 = {
			isa = PBXGroup;
			children = (
				3E2F401929CAF2B300606E17 /* StockNews */,
				3E2F402A29CAF2B500606E17 /* StockNewsTests */,
				3E2F403429CAF2B500606E17 /* StockNewsUITests */,
				3E2F401829CAF2B300606E17 /* Products */,
			);
			sourceTree = "<group>";
		};
		3E2F401829CAF2B300606E17 /* Products */ = {
			isa = PBXGroup;
			children = (
				3E2F401729CAF2B300606E17 /* StockNews.app */,
				3E2F402729CAF2B500606E17 /* StockNewsTests.xctest */,
				3E2F403129CAF2B500606E17 /* StockNewsUITests.xctest */,
			);
			name = Products;
			sourceTree = "<group>";
		};
		3E2F401929CAF2B300606E17 /* StockNews */ = {
			isa = PBXGroup;
			children = (
				3E2F401A29CAF2B300606E17 /* StockNewsApp.swift */,
				3E2F401C29CAF2B300606E17 /* ContentView.swift */,
				3E2F401E29CAF2B500606E17 /* Assets.xcassets */,
				3E2F402029CAF2B500606E17 /* Preview Content */,
			);
			path = StockNews;
			sourceTree = "<group>";
		};
		3E2F402029CAF2B500606E17 /* Preview Content */ = {
			isa = PBXGroup;
			children = (
				3E2F402129CAF2B500606E17 /* Preview Assets.xcassets */,
			);
			path = "Preview Content";
			sourceTree = "<group>";
		};
		3E2F402A29CAF2B500606E17 /* StockNewsTests */ = {
			isa = PBXGroup;
			children = (
				3E2F402B29CAF2B500606E17 /* StockNewsTests.swift */,
			);
			path = StockNewsTests;
			sourceTree = "<group>";
		};
		3E2F403429CAF2B500606E17 /* StockNewsUITests */ = {
			isa = PBXGroup;
			children = (
				3E2F403529CAF2B500606E17 /* StockNewsUITests.swift */,
				3E2F403729CAF2B500606E17 /* StockNewsUITestsLaunchTests.swift */,
			);
			path = StockNewsUITests;
			sourceTree = "<group>";
		};
/* End PBXGroup section */

/* Begin PBXNativeTarget section */
		3E2F401629CAF2B300606E17 /* StockNews */ = {
			isa = PBXNativeTarget;
			buildConfigurationList = 3E2F403B29CAF2B500606E17 /* Build configuration list for PBXNativeTarget "StockNews" */;
			buildPhases = (
				3E2F401329CAF2B300606E17 /* Sources */,
				3E2F401429CAF2B300606E17 /* Frameworks */,
				3E2F401529CAF2B300606E17 /* Resources */,
			);
			buildRules = (
			);
			dependencies = (
			);
			name = StockNews;
			productName = StockNews;
			productReference = 3E2F401729CAF2B300606E17 /* StockNews.app */;
			productType = "com.apple.product-type.application";
		};
		3E2F402629CAF2B500606E17 /* StockNewsTests */ = {
			isa = PBXNativeTarget;
			buildConfigurationList = 3E2F403E29CAF2B500606E17 /* Build configuration list for PBXNativeTarget "StockNewsTests" */;
			buildPhases = (
				3E2F402329CAF2B500606E17 /* Sources */,
				3E2F402429CAF2B500606E17 /* Frameworks */,
				3E2F402529CAF2B500606E17 /* Resources */,
			);
			buildRules = (
			);
			dependencies = (
				3E2F402929CAF2B500606E17 /* PBXTargetDependency */,
			);
			name = StockNewsTests;
			productName = StockNewsTests;
			productReference = 3E2F402729CAF2B500606E17 /* StockNewsTests.xctest */;
			productType = "com.apple.product-type.bundle.unit-test";
		};
		3E2F403029CAF2B500606E17 /* StockNewsUITests */ = {
			isa = PBXNativeTarget;
			buildConfigurationList = 3E2F404129CAF2B500606E17 /* Build configuration list for PBXNativeTarget "StockNewsUITests" */;
			buildPhases = (
				3E2F402D29CAF2B500606E17 /* Sources */,
				3E2F402E29CAF2B500606E17 /* Frameworks */,
				3E2F402F29CAF2B500606E17 /* Resources */,
			);
			buildRules = (
			);
			dependencies = (
				3E2F403329CAF2B500606E17 /* PBXTargetDependency */,
			);
			name = StockNewsUITests;
			productName = StockNewsUITests;
			productReference = 3E2F403129CAF2B500606E17 /* StockNewsUITests.xctest */;
			productType = "com.apple.product-type.bundle.ui-testing";
		};
/* End PBXNativeTarget section */

/* Begin PBXProject section */
		3E2F400F29CAF2B300606E17 /* Project object */ = {
			isa = PBXProject;
			attributes = {
				BuildIndependentTargetsInParallel = 1;
				LastSwiftUpdateCheck = 1420;
				LastUpgradeCheck = 1420;
				TargetAttributes = {
					3E2F401629CAF2B300606E17 = {
						CreatedOnToolsVersion = 14.2;
					};
					3E2F402629CAF2B500606E17 = {
						CreatedOnToolsVersion = 14.2;
						TestTargetID = 3E2F401629CAF2B300606E17;
					};
					3E2F403029CAF2B500606E17 = {
						CreatedOnToolsVersion = 14.2;
						TestTargetID = 3E2F401629CAF2B300606E17;
					};
				};
			};
			buildConfigurationList = 3E2F401229CAF2B300606E17 /* Build configuration list for PBXProject "StockNews" */;
			compatibilityVersion = "Xcode 14.0";
			developmentRegion = en;
			hasScannedForEncodings = 0;
			knownRegions = (
				en,
				Base,
			);
			mainGroup = 3E2F400E29CAF2B300606E17;
			productRefGroup = 3E2F401829CAF2B300606E17 /* Products */;
			projectDirPath = "";
			projectRoot = "";
			targets = (
				3E2F401629CAF2B300606E17 /* StockNews */,
				3E2F402629CAF2B500606E17 /* StockNewsTests */,
				3E2F403029CAF2B500606E17 /* StockNewsUITests */,
			);
		};
/* End PBXProject section */

/* Begin PBXResourcesBuildPhase section */
		3E2F401529CAF2B300606E17 /* Resources */ = {
			isa = PBXResourcesBuildPhase;
			buildActionMask = 2147483647;
			files = (
				3E2F402229CAF2B500606E17 /* Preview Assets.xcassets in Resources */,
				3E2F401F29CAF2B500606E17 /* Assets.xcassets in Resources */,
			);
			runOnlyForDeploymentPostprocessing = 0;
		};
		3E2F402529CAF2B500606E17 /* Resources */ = {
			isa = PBXResourcesBuildPhase;
			buildActionMask = 2147483647;
			files = (
			);
			runOnlyForDeploymentPostprocessing = 0;
		};
		3E2F402F29CAF2B500606E17 /* Resources */ = {
			isa = PBXResourcesBuildPhase;
			buildActionMask = 2147483647;
			files = (
			);
			runOnlyForDeploymentPostprocessing = 0;
		};
/* End PBXResourcesBuildPhase section */

/* Begin PBXSourcesBuildPhase section */
		3E2F401329CAF2B300606E17 /* Sources */ = {
			isa = PBXSourcesBuildPhase;
			buildActionMask = 2147483647;
			files = (
				3E2F401D29CAF2B300606E17 /* ContentView.swift in Sources */,
				3E2F401B29CAF2B300606E17 /* StockNewsApp.swift in Sources */,
			);
			runOnlyForDeploymentPostprocessing = 0;
		};
		3E2F402329CAF2B500606E17 /* Sources */ = {
			isa = PBXSourcesBuildPhase;
			buildActionMask = 2147483647;
			files = (
				3E2F402C29CAF2B500606E17 /* StockNewsTests.swift in Sources */,
			);
			runOnlyForDeploymentPostprocessing = 0;
		};
		3E2F402D29CAF2B500606E17 /* Sources */ = {
			isa = PBXSourcesBuildPhase;
			buildActionMask = 2147483647;
			files = (
				3E2F403829CAF2B500606E17 /* StockNewsUITestsLaunchTests.swift in Sources */,
				3E2F403629CAF2B500606E17 /* StockNewsUITests.swift in Sources */,
			);
			runOnlyForDeploymentPostprocessing = 0;
		};
/* End PBXSourcesBuildPhase section */

/* Begin PBXTargetDependency section */
		3E2F402929CAF2B500606E17 /* PBXTargetDependency */ = {
			isa = PBXTargetDependency;
			target = 3E2F401629CAF2B300606E17 /* StockNews */;
			targetProxy = 3E2F402829CAF2B500606E17 /* PBXContainerItemProxy */;
		};
		3E2F403329CAF2B500606E17 /* PBXTargetDependency */ = {
			isa = PBXTargetDependency;
			target = 3E2F401629CAF2B300606E17 /* StockNews */;
			targetProxy = 3E2F403229CAF2B500606E17 /* PBXContainerItemProxy */;
		};
/* End PBXTargetDependency section */

/* Begin XCBuildConfiguration section */
		3E2F403929CAF2B500606E17 /* Debug */ = {
			isa = XCBuildConfiguration;
			buildSettings = {
				ALWAYS_SEARCH_USER_PATHS = NO;
				CLANG_ANALYZER_NONNULL = YES;
				CLANG_ANALYZER_NUMBER_OBJECT_CONVERSION = YES_AGGRESSIVE;
				CLANG_CXX_LANGUAGE_STANDARD = "gnu++20";
				CLANG_ENABLE_MODULES = YES;
				CLANG_ENABLE_OBJC_ARC = YES;
				CLANG_ENABLE_OBJC_WEAK = YES;
				CLANG_WARN_BLOCK_CAPTURE_AUTORELEASING = YES;
				CLANG_WARN_BOOL_CONVERSION = YES;
				CLANG_WARN_COMMA = YES;
				CLANG_WARN_CONSTANT_CONVERSION = YES;
				CLANG_WARN_DEPRECATED_OBJC_IMPLEMENTATIONS = YES;
				CLANG_WARN_DIRECT_OBJC_ISA_USAGE = YES_ERROR;
				CLANG_WARN_DOCUMENTATION_COMMENTS = YES;
				CLANG_WARN_EMPTY_BODY = YES;
				CLANG_WARN_ENUM_CONVERSION = YES;
				CLANG_WARN_INFINITE_RECURSION = YES;
				CLANG_WARN_INT_CONVERSION = YES;
				CLANG_WARN_NON_LITERAL_NULL_CONVERSION = YES;
				CLANG_WARN_OBJC_IMPLICIT_RETAIN_SELF = YES;
				CLANG_WARN_OBJC_LITERAL_CONVERSION = YES;
				CLANG_WARN_OBJC_ROOT_CLASS = YES_ERROR;
				CLANG_WARN_QUOTED_INCLUDE_IN_FRAMEWORK_HEADER = YES;
				CLANG_WARN_RANGE_LOOP_ANALYSIS = YES;
				CLANG_WARN_STRICT_PROTOTYPES = YES;
				CLANG_WARN_SUSPICIOUS_MOVE = YES;
				CLANG_WARN_UNGUARDED_AVAILABILITY = YES_AGGRESSIVE;
				CLANG_WARN_UNREACHABLE_CODE = YES;
				CLANG_WARN__DUPLICATE_METHOD_MATCH = YES;
				COPY_PHASE_STRIP = NO;
				DEBUG_INFORMATION_FORMAT = dwarf;
				ENABLE_STRICT_OBJC_MSGSEND = YES;
				ENABLE_TESTABILITY = YES;
				GCC_C_LANGUAGE_STANDARD = gnu11;
				GCC_DYNAMIC_NO_PIC = NO;
				GCC_NO_COMMON_BLOCKS = YES;
				GCC_OPTIMIZATION_LEVEL = 0;
				GCC_PREPROCESSOR_DEFINITIONS = (
					"DEBUG=1",
					"$(inherited)",
				);
				GCC_WARN_64_TO_32_BIT_CONVERSION = YES;
				GCC_WARN_ABOUT_RETURN_TYPE = YES_ERROR;
				GCC_WARN_UNDECLARED_SELECTOR = YES;
				GCC_WARN_UNINITIALIZED_AUTOS = YES_AGGRESSIVE;
				GCC_WARN_UNUSED_FUNCTION = YES;
				GCC_WARN_UNUSED_VARIABLE = YES;
				IPHONEOS_DEPLOYMENT_TARGET = 16.2;
				MTL_ENABLE_DEBUG_INFO = INCLUDE_SOURCE;
				MTL_FAST_MATH = YES;
				ONLY_ACTIVE_ARCH = YES;
				SDKROOT = iphoneos;
				SWIFT_ACTIVE_COMPILATION_CONDITIONS = DEBUG;
				SWIFT_OPTIMIZATION_LEVEL = "-Onone";
			};
			name = Debug;
		};
		3E2F403A29CAF2B500606E17 /* Release */ = {
			isa = XCBuildConfiguration;
			buildSettings = {
				ALWAYS_SEARCH_USER_PATHS = NO;
				CLANG_ANALYZER_NONNULL = YES;
				CLANG_ANALYZER_NUMBER_OBJECT_CONVERSION = YES_AGGRESSIVE;
				CLANG_CXX_LANGUAGE_STANDARD = "gnu++20";
				CLANG_ENABLE_MODULES = YES;
				CLANG_ENABLE_OBJC_ARC = YES;
				CLANG_ENABLE_OBJC_WEAK = YES;
				CLANG_WARN_BLOCK_CAPTURE_AUTORELEASING = YES;
				CLANG_WARN_BOOL_CONVERSION = YES;
				CLANG_WARN_COMMA = YES;
				CLANG_WARN_CONSTANT_CONVERSION = YES;
				CLANG_WARN_DEPRECATED_OBJC_IMPLEMENTATIONS = YES;
				CLANG_WARN_DIRECT_OBJC_ISA_USAGE = YES_ERROR;
				CLANG_WARN_DOCUMENTATION_COMMENTS = YES;
				CLANG_WARN_EMPTY_BODY = YES;
				CLANG_WARN_ENUM_CONVERSION = YES;
				CLANG_WARN_INFINITE_RECURSION = YES;
				CLANG_WARN_INT_CONVERSION = YES;
				CLANG_WARN_NON_LITERAL_NULL_CONVERSION = YES;
				CLANG_WARN_OBJC_IMPLICIT_RETAIN_SELF = YES;
				CLANG_WARN_OBJC_LITERAL_CONVERSION = YES;
				CLANG_WARN_OBJC_ROOT_CLASS = YES_ERROR;
				CLANG_WARN_QUOTED_INCLUDE_IN_FRAMEWORK_HEADER = YES;
				CLANG_WARN_RANGE_LOOP_ANALYSIS = YES;
				CLANG_WARN_STRICT_PROTOTYPES = YES;
				CLANG_WARN_SUSPICIOUS_MOVE = YES;
				CLANG_WARN_UNGUARDED_AVAILABILITY = YES_AGGRESSIVE;
				CLANG_WARN_UNREACHABLE_CODE = YES;
				CLANG_WARN__DUPLICATE_METHOD_MATCH = YES;
				COPY_PHASE_STRIP = NO;
				DEBUG_INFORMATION_FORMAT = "dwarf-with-dsym";
				ENABLE_NS_ASSERTIONS = NO;
				ENABLE_STRICT_OBJC_MSGSEND = YES;
				GCC_C_LANGUAGE_STANDARD = gnu11;
				GCC_NO_COMMON_BLOCKS = YES;
				GCC_WARN_64_TO_32_BIT_CONVERSION = YES;
				GCC_WARN_ABOUT_RETURN_TYPE = YES_ERROR;
				GCC_WARN_UNDECLARED_SELECTOR = YES;
				GCC_WARN_UNINITIALIZED_AUTOS = YES_AGGRESSIVE;
				GCC_WARN_UNUSED_FUNCTION = YES;
				GCC_WARN_UNUSED_VARIABLE = YES;
				IPHONEOS_DEPLOYMENT_TARGET = 16.2;
				MTL_ENABLE_DEBUG_INFO = NO;
				MTL_FAST_MATH = YES;
				SDKROOT = iphoneos;
				SWIFT_COMPILATION_MODE = wholemodule;
				SWIFT_OPTIMIZATION_LEVEL = "-O";
				VALIDATE_PRODUCT = YES;
			};
			name = Release;
		};
		3E2F403C29CAF2B500606E17 /* Debug */ = {
			isa = XCBuildConfiguration;
			buildSettings = {
				ASSETCATALOG_COMPILER_APPICON_NAME = AppIcon;
				ASSETCATALOG_COMPILER_GLOBAL_ACCENT_COLOR_NAME = AccentColor;
				CODE_SIGN_STYLE = Automatic;
				CURRENT_PROJECT_VERSION = 1;
				DEVELOPMENT_ASSET_PATHS = "\"StockNews/Preview Content\"";
				DEVELOPMENT_TEAM = 5L93GMAHPT;
				ENABLE_PREVIEWS = YES;
				GENERATE_INFOPLIST_FILE = YES;
				INFOPLIST_KEY_UIApplicationSceneManifest_Generation = YES;
				INFOPLIST_KEY_UIApplicationSupportsIndirectInputEvents = YES;
				INFOPLIST_KEY_UILaunchScreen_Generation = YES;
				INFOPLIST_KEY_UISupportedInterfaceOrientations_iPad = "UIInterfaceOrientationPortrait UIInterfaceOrientationPortraitUpsideDown UIInterfaceOrientationLandscapeLeft UIInterfaceOrientationLandscapeRight";
				INFOPLIST_KEY_UISupportedInterfaceOrientations_iPhone = "UIInterfaceOrientationPortrait UIInterfaceOrientationLandscapeLeft UIInterfaceOrientationLandscapeRight";
				LD_RUNPATH_SEARCH_PATHS = (
					"$(inherited)",
					"@executable_path/Frameworks",
				);
				MARKETING_VERSION = 1.0;
				PRODUCT_BUNDLE_IDENTIFIER = com.eton.itsmc.StockNews;
				PRODUCT_NAME = "$(TARGET_NAME)";
				SWIFT_EMIT_LOC_STRINGS = YES;
				SWIFT_VERSION = 5.0;
				TARGETED_DEVICE_FAMILY = "1,2";
			};
			name = Debug;
		};
		3E2F403D29CAF2B500606E17 /* Release */ = {
			isa = XCBuildConfiguration;
			buildSettings = {
				ASSETCATALOG_COMPILER_APPICON_NAME = AppIcon;
				ASSETCATALOG_COMPILER_GLOBAL_ACCENT_COLOR_NAME = AccentColor;
				CODE_SIGN_STYLE = Automatic;
				CURRENT_PROJECT_VERSION = 1;
				DEVELOPMENT_ASSET_PATHS = "\"StockNews/Preview Content\"";
				DEVELOPMENT_TEAM = 5L93GMAHPT;
				ENABLE_PREVIEWS = YES;
				GENERATE_INFOPLIST_FILE = YES;
				INFOPLIST_KEY_UIApplicationSceneManifest_Generation = YES;
				INFOPLIST_KEY_UIApplicationSupportsIndirectInputEvents = YES;
				INFOPLIST_KEY_UILaunchScreen_Generation = YES;
				INFOPLIST_KEY_UISupportedInterfaceOrientations_iPad = "UIInterfaceOrientationPortrait UIInterfaceOrientationPortraitUpsideDown UIInterfaceOrientationLandscapeLeft UIInterfaceOrientationLandscapeRight";
				INFOPLIST_KEY_UISupportedInterfaceOrientations_iPhone = "UIInterfaceOrientationPortrait UIInterfaceOrientationLandscapeLeft UIInterfaceOrientationLandscapeRight";
				LD_RUNPATH_SEARCH_PATHS = (
					"$(inherited)",
					"@executable_path/Frameworks",
				);
				MARKETING_VERSION = 1.0;
				PRODUCT_BUNDLE_IDENTIFIER = com.eton.itsmc.StockNews;
				PRODUCT_NAME = "$(TARGET_NAME)";
				SWIFT_EMIT_LOC_STRINGS = YES;
				SWIFT_VERSION = 5.0;
				TARGETED_DEVICE_FAMILY = "1,2";
			};
			name = Release;
		};
		3E2F403F29CAF2B500606E17 /* Debug */ = {
			isa = XCBuildConfiguration;
			buildSettings = {
				ALWAYS_EMBED_SWIFT_STANDARD_LIBRARIES = YES;
				BUNDLE_LOADER = "$(TEST_HOST)";
				CODE_SIGN_STYLE = Automatic;
				CURRENT_PROJECT_VERSION = 1;
				DEVELOPMENT_TEAM = 5L93GMAHPT;
				GENERATE_INFOPLIST_FILE = YES;
				IPHONEOS_DEPLOYMENT_TARGET = 16.2;
				MARKETING_VERSION = 1.0;
				PRODUCT_BUNDLE_IDENTIFIER = com.eton.itsmc.StockNewsTests;
				PRODUCT_NAME = "$(TARGET_NAME)";
				SWIFT_EMIT_LOC_STRINGS = NO;
				SWIFT_VERSION = 5.0;
				TARGETED_DEVICE_FAMILY = "1,2";
				TEST_HOST = "$(BUILT_PRODUCTS_DIR)/StockNews.app/$(BUNDLE_EXECUTABLE_FOLDER_PATH)/StockNews";
			};
			name = Debug;
		};
		3E2F404029CAF2B500606E17 /* Release */ = {
			isa = XCBuildConfiguration;
			buildSettings = {
				ALWAYS_EMBED_SWIFT_STANDARD_LIBRARIES = YES;
				BUNDLE_LOADER = "$(TEST_HOST)";
				CODE_SIGN_STYLE = Automatic;
				CURRENT_PROJECT_VERSION = 1;
				DEVELOPMENT_TEAM = 5L93GMAHPT;
				GENERATE_INFOPLIST_FILE = YES;
				IPHONEOS_DEPLOYMENT_TARGET = 16.2;
				MARKETING_VERSION = 1.0;
				PRODUCT_BUNDLE_IDENTIFIER = com.eton.itsmc.StockNewsTests;
				PRODUCT_NAME = "$(TARGET_NAME)";
				SWIFT_EMIT_LOC_STRINGS = NO;
				SWIFT_VERSION = 5.0;
				TARGETED_DEVICE_FAMILY = "1,2";
				TEST_HOST = "$(BUILT_PRODUCTS_DIR)/StockNews.app/$(BUNDLE_EXECUTABLE_FOLDER_PATH)/StockNews";
			};
			name = Release;
		};
		3E2F404229CAF2B500606E17 /* Debug */ = {
			isa = XCBuildConfiguration;
			buildSettings = {
				ALWAYS_EMBED_SWIFT_STANDARD_LIBRARIES = YES;
				CODE_SIGN_STYLE = Automatic;
				CURRENT_PROJECT_VERSION = 1;
				DEVELOPMENT_TEAM = 5L93GMAHPT;
				GENERATE_INFOPLIST_FILE = YES;
				MARKETING_VERSION = 1.0;
				PRODUCT_BUNDLE_IDENTIFIER = com.eton.itsmc.StockNewsUITests;
				PRODUCT_NAME = "$(TARGET_NAME)";
				SWIFT_EMIT_LOC_STRINGS = NO;
				SWIFT_VERSION = 5.0;
				TARGETED_DEVICE_FAMILY = "1,2";
				TEST_TARGET_NAME = StockNews;
			};
			name = Debug;
		};
		3E2F404329CAF2B500606E17 /* Release */ = {
			isa = XCBuildConfiguration;
			buildSettings = {
				ALWAYS_EMBED_SWIFT_STANDARD_LIBRARIES = YES;
				CODE_SIGN_STYLE = Automatic;
				CURRENT_PROJECT_VERSION = 1;
				DEVELOPMENT_TEAM = 5L93GMAHPT;
				GENERATE_INFOPLIST_FILE = YES;
				MARKETING_VERSION = 1.0;
				PRODUCT_BUNDLE_IDENTIFIER = com.eton.itsmc.StockNewsUITests;
				PRODUCT_NAME = "$(TARGET_NAME)";
				SWIFT_EMIT_LOC_STRINGS = NO;
				SWIFT_VERSION = 5.0;
				TARGETED_DEVICE_FAMILY = "1,2";
				TEST_TARGET_NAME = StockNews;
			};
			name = Release;
		};
/* End XCBuildConfiguration section */

/* Begin XCConfigurationList section */
		3E2F401229CAF2B300606E17 /* Build configuration list for PBXProject "StockNews" */ = {
			isa = XCConfigurationList;
			buildConfigurations = (
				3E2F403929CAF2B500606E17 /* Debug */,
				3E2F403A29CAF2B500606E17 /* Release */,
			);
			defaultConfigurationIsVisible = 0;
			defaultConfigurationName = Release;
		};
		3E2F403B29CAF2B500606E17 /* Build configuration list for PBXNativeTarget "StockNews" */ = {
			isa = XCConfigurationList;
			buildConfigurations = (
				3E2F403C29CAF2B500606E17 /* Debug */,
				3E2F403D29CAF2B500606E17 /* Release */,
			);
			defaultConfigurationIsVisible = 0;
			defaultConfigurationName = Release;
		};
		3E2F403E29CAF2B500606E17 /* Build configuration list for PBXNativeTarget "StockNewsTests" */ = {
			isa = XCConfigurationList;
			buildConfigurations = (
				3E2F403F29CAF2B500606E17 /* Debug */,
				3E2F404029CAF2B500606E17 /* Release */,
			);
			defaultConfigurationIsVisible = 0;
			defaultConfigurationName = Release;
		};
		3E2F404129CAF2B500606E17 /* Build configuration list for PBXNativeTarget "StockNewsUITests" */ = {
			isa = XCConfigurationList;
			buildConfigurations = (
				3E2F404229CAF2B500606E17 /* Debug */,
				3E2F404329CAF2B500606E17 /* Release */,
			);
			defaultConfigurationIsVisible = 0;
			defaultConfigurationName = Release;
		};
/* End XCConfigurationList section */
	};
	rootObject = 3E2F400F29CAF2B300606E17 /* Project object */;
}
